// !$*UTF8*$!
{
	archiveVersion = 1;
	classes = {
	};
	objectVersion = 46;
	objects = {

/* Begin PBXBuildFile section */
		67D897BD1A3156100037D2A7 /* AppDelegate.swift in Sources */ = {isa = PBXBuildFile; fileRef = 67D897BC1A3156100037D2A7 /* AppDelegate.swift */; };
		67D897BF1A3156100037D2A7 /* ViewController.swift in Sources */ = {isa = PBXBuildFile; fileRef = 67D897BE1A3156100037D2A7 /* ViewController.swift */; };
		67D897C21A3156100037D2A7 /* Main.storyboard in Resources */ = {isa = PBXBuildFile; fileRef = 67D897C01A3156100037D2A7 /* Main.storyboard */; };
		67D897C41A3156100037D2A7 /* Images.xcassets in Resources */ = {isa = PBXBuildFile; fileRef = 67D897C31A3156100037D2A7 /* Images.xcassets */; };
		67D897C71A3156100037D2A7 /* LaunchScreen.xib in Resources */ = {isa = PBXBuildFile; fileRef = 67D897C51A3156100037D2A7 /* LaunchScreen.xib */; };
		67D897D31A3156100037D2A7 /* AnimatorDemoTests.swift in Sources */ = {isa = PBXBuildFile; fileRef = 67D897D21A3156100037D2A7 /* AnimatorDemoTests.swift */; };
/* End PBXBuildFile section */

/* Begin PBXContainerItemProxy section */
		67D897CD1A3156100037D2A7 /* PBXContainerItemProxy */ = {
			isa = PBXContainerItemProxy;
			containerPortal = 67D897AF1A3156100037D2A7 /* Project object */;
			proxyType = 1;
			remoteGlobalIDString = 67D897B61A3156100037D2A7;
			remoteInfo = AnimatorDemo;
		};
/* End PBXContainerItemProxy section */

/* Begin PBXFileReference section */
		67D897B71A3156100037D2A7 /* AnimatorDemo.app */ = {isa = PBXFileReference; explicitFileType = wrapper.application; includeInIndex = 0; path = AnimatorDemo.app; sourceTree = BUILT_PRODUCTS_DIR; };
		67D897BB1A3156100037D2A7 /* Info.plist */ = {isa = PBXFileReference; lastKnownFileType = text.plist.xml; path = Info.plist; sourceTree = "<group>"; };
		67D897BC1A3156100037D2A7 /* AppDelegate.swift */ = {isa = PBXFileReference; lastKnownFileType = sourcecode.swift; path = AppDelegate.swift; sourceTree = "<group>"; };
		67D897BE1A3156100037D2A7 /* ViewController.swift */ = {isa = PBXFileReference; lastKnownFileType = sourcecode.swift; path = ViewController.swift; sourceTree = "<group>"; };
		67D897C11A3156100037D2A7 /* Base */ = {isa = PBXFileReference; lastKnownFileType = file.storyboard; name = Base; path = Base.lproj/Main.storyboard; sourceTree = "<group>"; };
		67D897C31A3156100037D2A7 /* Images.xcassets */ = {isa = PBXFileReference; lastKnownFileType = folder.assetcatalog; path = Images.xcassets; sourceTree = "<group>"; };
		67D897C61A3156100037D2A7 /* Base */ = {isa = PBXFileReference; lastKnownFileType = file.xib; name = Base; path = Base.lproj/LaunchScreen.xib; sourceTree = "<group>"; };
		67D897CC1A3156100037D2A7 /* AnimatorDemoTests.xctest */ = {isa = PBXFileReference; explicitFileType = wrapper.cfbundle; includeInIndex = 0; path = AnimatorDemoTests.xctest; sourceTree = BUILT_PRODUCTS_DIR; };
		67D897D11A3156100037D2A7 /* Info.plist */ = {isa = PBXFileReference; lastKnownFileType = text.plist.xml; path = Info.plist; sourceTree = "<group>"; };
		67D897D21A3156100037D2A7 /* AnimatorDemoTests.swift */ = {isa = PBXFileReference; lastKnownFileType = sourcecode.swift; path = AnimatorDemoTests.swift; sourceTree = "<group>"; };
/* End PBXFileReference section */

/* Begin PBXFrameworksBuildPhase section */
		67D897B41A3156100037D2A7 /* Frameworks */ = {
			isa = PBXFrameworksBuildPhase;
			buildActionMask = 2147483647;
			files = (
			);
			runOnlyForDeploymentPostprocessing = 0;
		};
		67D897C91A3156100037D2A7 /* Frameworks */ = {
			isa = PBXFrameworksBuildPhase;
			buildActionMask = 2147483647;
			files = (
			);
			runOnlyForDeploymentPostprocessing = 0;
		};
/* End PBXFrameworksBuildPhase section */

/* Begin PBXGroup section */
		67D897AE1A3156100037D2A7 = {
			isa = PBXGroup;
			children = (
				67D897B91A3156100037D2A7 /* AnimatorDemo */,
				67D897CF1A3156100037D2A7 /* AnimatorDemoTests */,
				67D897B81A3156100037D2A7 /* Products */,
			);
			sourceTree = "<group>";
		};
		67D897B81A3156100037D2A7 /* Products */ = {
			isa = PBXGroup;
			children = (
				67D897B71A3156100037D2A7 /* AnimatorDemo.app */,
				67D897CC1A3156100037D2A7 /* AnimatorDemoTests.xctest */,
			);
			name = Products;
			sourceTree = "<group>";
		};
		67D897B91A3156100037D2A7 /* AnimatorDemo */ = {
			isa = PBXGroup;
			children = (
				67D897BC1A3156100037D2A7 /* AppDelegate.swift */,
				67D897BE1A3156100037D2A7 /* ViewController.swift */,
				67D897C01A3156100037D2A7 /* Main.storyboard */,
				67D897C31A3156100037D2A7 /* Images.xcassets */,
				67D897C51A3156100037D2A7 /* LaunchScreen.xib */,
				67D897BA1A3156100037D2A7 /* Supporting Files */,
			);
			path = AnimatorDemo;
			sourceTree = "<group>";
		};
		67D897BA1A3156100037D2A7 /* Supporting Files */ = {
			isa = PBXGroup;
			children = (
				67D897BB1A3156100037D2A7 /* Info.plist */,
			);
			name = "Supporting Files";
			sourceTree = "<group>";
		};
		67D897CF1A3156100037D2A7 /* AnimatorDemoTests */ = {
			isa = PBXGroup;
			children = (
				67D897D21A3156100037D2A7 /* AnimatorDemoTests.swift */,
				67D897D01A3156100037D2A7 /* Supporting Files */,
			);
			path = AnimatorDemoTests;
			sourceTree = "<group>";
		};
		67D897D01A3156100037D2A7 /* Supporting Files */ = {
			isa = PBXGroup;
			children = (
				67D897D11A3156100037D2A7 /* Info.plist */,
			);
			name = "Supporting Files";
			sourceTree = "<group>";
		};
/* End PBXGroup section */

/* Begin PBXNativeTarget section */
		67D897B61A3156100037D2A7 /* AnimatorDemo */ = {
			isa = PBXNativeTarget;
			buildConfigurationList = 67D897D61A3156100037D2A7 /* Build configuration list for PBXNativeTarget "AnimatorDemo" */;
			buildPhases = (
				67D897B31A3156100037D2A7 /* Sources */,
				67D897B41A3156100037D2A7 /* Frameworks */,
				67D897B51A3156100037D2A7 /* Resources */,
			);
			buildRules = (
			);
			dependencies = (
			);
			name = AnimatorDemo;
			productName = AnimatorDemo;
			productReference = 67D897B71A3156100037D2A7 /* AnimatorDemo.app */;
			productType = "com.apple.product-type.application";
		};
		67D897CB1A3156100037D2A7 /* AnimatorDemoTests */ = {
			isa = PBXNativeTarget;
			buildConfigurationList = 67D897D91A3156100037D2A7 /* Build configuration list for PBXNativeTarget "AnimatorDemoTests" */;
			buildPhases = (
				67D897C81A3156100037D2A7 /* Sources */,
				67D897C91A3156100037D2A7 /* Frameworks */,
				67D897CA1A3156100037D2A7 /* Resources */,
			);
			buildRules = (
			);
			dependencies = (
				67D897CE1A3156100037D2A7 /* PBXTargetDependency */,
			);
			name = AnimatorDemoTests;
			productName = AnimatorDemoTests;
			productReference = 67D897CC1A3156100037D2A7 /* AnimatorDemoTests.xctest */;
			productType = "com.apple.product-type.bundle.unit-test";
		};
/* End PBXNativeTarget section */

/* Begin PBXProject section */
		67D897AF1A3156100037D2A7 /* Project object */ = {
			isa = PBXProject;
			attributes = {
				LastUpgradeCheck = 0610;
				ORGANIZATIONNAME = tupiance;
				TargetAttributes = {
					67D897B61A3156100037D2A7 = {
						CreatedOnToolsVersion = 6.1;
					};
					67D897CB1A3156100037D2A7 = {
						CreatedOnToolsVersion = 6.1;
						TestTargetID = 67D897B61A3156100037D2A7;
					};
				};
			};
			buildConfigurationList = 67D897B21A3156100037D2A7 /* Build configuration list for PBXProject "AnimatorDemo" */;
			compatibilityVersion = "Xcode 3.2";
			developmentRegion = English;
			hasScannedForEncodings = 0;
			knownRegions = (
				en,
				Base,
			);
			mainGroup = 67D897AE1A3156100037D2A7;
			productRefGroup = 67D897B81A3156100037D2A7 /* Products */;
			projectDirPath = "";
			projectRoot = "";
			targets = (
				67D897B61A3156100037D2A7 /* AnimatorDemo */,
				67D897CB1A3156100037D2A7 /* AnimatorDemoTests */,
			);
		};
/* End PBXProject section */

/* Begin PBXResourcesBuildPhase section */
		67D897B51A3156100037D2A7 /* Resources */ = {
			isa = PBXResourcesBuildPhase;
			buildActionMask = 2147483647;
			files = (
				67D897C21A3156100037D2A7 /* Main.storyboard in Resources */,
				67D897C71A3156100037D2A7 /* LaunchScreen.xib in Resources */,
				67D897C41A3156100037D2A7 /* Images.xcassets in Resources */,
			);
			runOnlyForDeploymentPostprocessing = 0;
		};
		67D897CA1A3156100037D2A7 /* Resources */ = {
			isa = PBXResourcesBuildPhase;
			buildActionMask = 2147483647;
			files = (
			);
			runOnlyForDeploymentPostprocessing = 0;
		};
/* End PBXResourcesBuildPhase section */

/* Begin PBXSourcesBuildPhase section */
		67D897B31A3156100037D2A7 /* Sources */ = {
			isa = PBXSourcesBuildPhase;
			buildActionMask = 2147483647;
			files = (
				67D897BF1A3156100037D2A7 /* ViewController.swift in Sources */,
				67D897BD1A3156100037D2A7 /* AppDelegate.swift in Sources */,
			);
			runOnlyForDeploymentPostprocessing = 0;
		};
		67D897C81A3156100037D2A7 /* Sources */ = {
			isa = PBXSourcesBuildPhase;
			buildActionMask = 2147483647;
			files = (
				67D897D31A3156100037D2A7 /* AnimatorDemoTests.swift in Sources */,
			);
			runOnlyForDeploymentPostprocessing = 0;
		};
/* End PBXSourcesBuildPhase section */

/* Begin PBXTargetDependency section */
		67D897CE1A3156100037D2A7 /* PBXTargetDependency */ = {
			isa = PBXTargetDependency;
			target = 67D897B61A3156100037D2A7 /* AnimatorDemo */;
			targetProxy = 67D897CD1A3156100037D2A7 /* PBXContainerItemProxy */;
		};
/* End PBXTargetDependency section */

/* Begin PBXVariantGroup section */
		67D897C01A3156100037D2A7 /* Main.storyboard */ = {
			isa = PBXVariantGroup;
			children = (
				67D897C11A3156100037D2A7 /* Base */,
			);
			name = Main.storyboard;
			sourceTree = "<group>";
		};
		67D897C51A3156100037D2A7 /* LaunchScreen.xib */ = {
			isa = PBXVariantGroup;
			children = (
				67D897C61A3156100037D2A7 /* Base */,
			);
			name = LaunchScreen.xib;
			sourceTree = "<group>";
		};
/* End PBXVariantGroup section */

/* Begin XCBuildConfiguration section */
		67D897D41A3156100037D2A7 /* Debug */ = {
			isa = XCBuildConfiguration;
			buildSettings = {
				ALWAYS_SEARCH_USER_PATHS = NO;
				CLANG_CXX_LANGUAGE_STANDARD = "gnu++0x";
				CLANG_CXX_LIBRARY = "libc++";
				CLANG_ENABLE_MODULES = YES;
				CLANG_ENABLE_OBJC_ARC = YES;
				CLANG_WARN_BOOL_CONVERSION = YES;
				CLANG_WARN_CONSTANT_CONVERSION = YES;
				CLANG_WARN_DIRECT_OBJC_ISA_USAGE = YES_ERROR;
				CLANG_WARN_EMPTY_BODY = YES;
				CLANG_WARN_ENUM_CONVERSION = YES;
				CLANG_WARN_INT_CONVERSION = YES;
				CLANG_WARN_OBJC_ROOT_CLASS = YES_ERROR;
				CLANG_WARN_UNREACHABLE_CODE = YES;
				CLANG_WARN__DUPLICATE_METHOD_MATCH = YES;
				"CODE_SIGN_IDENTITY[sdk=iphoneos*]" = "iPhone Developer";
				COPY_PHASE_STRIP = NO;
				ENABLE_STRICT_OBJC_MSGSEND = YES;
				GCC_C_LANGUAGE_STANDARD = gnu99;
				GCC_DYNAMIC_NO_PIC = NO;
				GCC_OPTIMIZATION_LEVEL = 0;
				GCC_PREPROCESSOR_DEFINITIONS = (
					"DEBUG=1",
					"$(inherited)",
				);
				GCC_SYMBOLS_PRIVATE_EXTERN = NO;
				GCC_WARN_64_TO_32_BIT_CONVERSION = YES;
				GCC_WARN_ABOUT_RETURN_TYPE = YES_ERROR;
				GCC_WARN_UNDECLARED_SELECTOR = YES;
				GCC_WARN_UNINITIALIZED_AUTOS = YES_AGGRESSIVE;
				GCC_WARN_UNUSED_FUNCTION = YES;
				GCC_WARN_UNUSED_VARIABLE = YES;
				IPHONEOS_DEPLOYMENT_TARGET = 8.1;
				MTL_ENABLE_DEBUG_INFO = YES;
				ONLY_ACTIVE_ARCH = YES;
				SDKROOT = iphoneos;
				SWIFT_OPTIMIZATION_LEVEL = "-Onone";
			};
			name = Debug;
		};
		67D897D51A3156100037D2A7 /* Release */ = {
			isa = XCBuildConfiguration;
			buildSettings = {
				ALWAYS_SEARCH_USER_PATHS = NO;
				CLANG_CXX_LANGUAGE_STANDARD = "gnu++0x";
				CLANG_CXX_LIBRARY = "libc++";
				CLANG_ENABLE_MODULES = YES;
				CLANG_ENABLE_OBJC_ARC = YES;
				CLANG_WARN_BOOL_CONVERSION = YES;
				CLANG_WARN_CONSTANT_CONVERSION = YES;
				CLANG_WARN_DIRECT_OBJC_ISA_USAGE = YES_ERROR;
				CLANG_WARN_EMPTY_BODY = YES;
				CLANG_WARN_ENUM_CONVERSION = YES;
				CLANG_WARN_INT_CONVERSION = YES;
				CLANG_WARN_OBJC_ROOT_CLASS = YES_ERROR;
				CLANG_WARN_UNREACHABLE_CODE = YES;
				CLANG_WARN__DUPLICATE_METHOD_MATCH = YES;
				"CODE_SIGN_IDENTITY[sdk=iphoneos*]" = "iPhone Developer";
				COPY_PHASE_STRIP = YES;
				ENABLE_NS_ASSERTIONS = NO;
				ENABLE_STRICT_OBJC_MSGSEND = YES;
				GCC_C_LANGUAGE_STANDARD = gnu99;
				GCC_WARN_64_TO_32_BIT_CONVERSION = YES;
				GCC_WARN_ABOUT_RETURN_TYPE = YES_ERROR;
				GCC_WARN_UNDECLARED_SELECTOR = YES;
				GCC_WARN_UNINITIALIZED_AUTOS = YES_AGGRESSIVE;
				GCC_WARN_UNUSED_FUNCTION = YES;
				GCC_WARN_UNUSED_VARIABLE = YES;
				IPHONEOS_DEPLOYMENT_TARGET = 8.1;
				MTL_ENABLE_DEBUG_INFO = NO;
				SDKROOT = iphoneos;
				VALIDATE_PRODUCT = YES;
			};
			name = Release;
		};
		67D897D71A3156100037D2A7 /* Debug */ = {
			isa = XCBuildConfiguration;
			buildSettings = {
				ASSETCATALOG_COMPILER_APPICON_NAME = AppIcon;
				INFOPLIST_FILE = AnimatorDemo/Info.plist;
				LD_RUNPATH_SEARCH_PATHS = "$(inherited) @executable_path/Frameworks";
				PRODUCT_NAME = "$(TARGET_NAME)";
			};
			name = Debug;
		};
		67D897D81A3156100037D2A7 /* Release */ = {
			isa = XCBuildConfiguration;
			buildSettings = {
				ASSETCATALOG_COMPILER_APPICON_NAME = AppIcon;
				INFOPLIST_FILE = AnimatorDemo/Info.plist;
				LD_RUNPATH_SEARCH_PATHS = "$(inherited) @executable_path/Frameworks";
				PRODUCT_NAME = "$(TARGET_NAME)";
			};
			name = Release;
		};
		67D897DA1A3156100037D2A7 /* Debug */ = {
			isa = XCBuildConfiguration;
			buildSettings = {
				BUNDLE_LOADER = "$(TEST_HOST)";
				FRAMEWORK_SEARCH_PATHS = (
					"$(SDKROOT)/Developer/Library/Frameworks",
					"$(inherited)",
				);
				GCC_PREPROCESSOR_DEFINITIONS = (
					"DEBUG=1",
					"$(inherited)",
				);
				INFOPLIST_FILE = AnimatorDemoTests/Info.plist;
				LD_RUNPATH_SEARCH_PATHS = "$(inherited) @executable_path/Frameworks @loader_path/Frameworks";
				PRODUCT_NAME = "$(TARGET_NAME)";
				TEST_HOST = "$(BUILT_PRODUCTS_DIR)/AnimatorDemo.app/AnimatorDemo";
			};
			name = Debug;
		};
		67D897DB1A3156100037D2A7 /* Release */ = {
			isa = XCBuildConfiguration;
			buildSettings = {
				BUNDLE_LOADER = "$(TEST_HOST)";
				FRAMEWORK_SEARCH_PATHS = (
					"$(SDKROOT)/Developer/Library/Frameworks",
					"$(inherited)",
				);
				INFOPLIST_FILE = AnimatorDemoTests/Info.plist;
				LD_RUNPATH_SEARCH_PATHS = "$(inherited) @executable_path/Frameworks @loader_path/Frameworks";
				PRODUCT_NAME = "$(TARGET_NAME)";
				TEST_HOST = "$(BUILT_PRODUCTS_DIR)/AnimatorDemo.app/AnimatorDemo";
			};
			name = Release;
		};
/* End XCBuildConfiguration section */

/* Begin XCConfigurationList section */
		67D897B21A3156100037D2A7 /* Build configuration list for PBXProject "AnimatorDemo" */ = {
			isa = XCConfigurationList;
			buildConfigurations = (
				67D897D41A3156100037D2A7 /* Debug */,
				67D897D51A3156100037D2A7 /* Release */,
			);
			defaultConfigurationIsVisible = 0;
			defaultConfigurationName = Release;
		};
		67D897D61A3156100037D2A7 /* Build configuration list for PBXNativeTarget "AnimatorDemo" */ = {
			isa = XCConfigurationList;
			buildConfigurations = (
				67D897D71A3156100037D2A7 /* Debug */,
				67D897D81A3156100037D2A7 /* Release */,
			);
			defaultConfigurationIsVisible = 0;
		};
		67D897D91A3156100037D2A7 /* Build configuration list for PBXNativeTarget "AnimatorDemoTests" */ = {
			isa = XCConfigurationList;
			buildConfigurations = (
				67D897DA1A3156100037D2A7 /* Debug */,
				67D897DB1A3156100037D2A7 /* Release */,
			);
			defaultConfigurationIsVisible = 0;
		};
/* End XCConfigurationList section */
	};
	rootObject = 67D897AF1A3156100037D2A7 /* Project object */;
}
